
Microsoft Visual Studio Solution File, Format Version 12.00
# Visual Studio Version 17
VisualStudioVersion = 17.7.34009.444
MinimumVisualStudioVersion = 10.0.40219.1
Project("{FAE04EC0-301F-11D3-BF4B-00C04F79EFBC}") = "PrimerParcial", "PrimerParcial\PrimerParcial.csproj", "{026A62BC-8C81-405F-9F31-675157BB1892}"
EndProject
Project("{FAE04EC0-301F-11D3-BF4B-00C04F79EFBC}") = "PrimerParcial.Logica", "PrimerParcial.Logica\PrimerParcial.Logica.csproj", "{2F1217CE-003A-4AB9-BCC4-5A920607F9EE}"
EndProject
Global
	GlobalSection(SolutionConfigurationPlatforms) = preSolution
		Debug|Any CPU = Debug|Any CPU
		Release|Any CPU = Release|Any CPU
	EndGlobalSection
	GlobalSection(ProjectConfigurationPlatforms) = postSolution
		{026A62BC-8C81-405F-9F31-675157BB1892}.Debug|Any CPU.ActiveCfg = Debug|Any CPU
		{026A62BC-8C81-405F-9F31-675157BB1892}.Debug|Any CPU.Build.0 = Debug|Any CPU
		{026A62BC-8C81-405F-9F31-675157BB1892}.Release|Any CPU.ActiveCfg = Release|Any CPU
		{026A62BC-8C81-405F-9F31-675157BB1892}.Release|Any CPU.Build.0 = Release|Any CPU
		{2F1217CE-003A-4AB9-BCC4-5A920607F9EE}.Debug|Any CPU.ActiveCfg = Debug|Any CPU
		{2F1217CE-003A-4AB9-BCC4-5A920607F9EE}.Debug|Any CPU.Build.0 = Debug|Any CPU
		{2F1217CE-003A-4AB9-BCC4-5A920607F9EE}.Release|Any CPU.ActiveCfg = Release|Any CPU
		{2F1217CE-003A-4AB9-BCC4-5A920607F9EE}.Release|Any CPU.Build.0 = Release|Any CPU
	EndGlobalSection
	GlobalSection(SolutionProperties) = preSolution
		HideSolutionNode = FALSE
	EndGlobalSection
	GlobalSection(ExtensibilityGlobals) = postSolution
		SolutionGuid = {E3FC0BD1-A7C2-4A0B-A739-4B96EF876C68}
	EndGlobalSection
EndGlobal
